// !$*UTF8*$!
{
	archiveVersion = 1;
	classes = {
	};
	objectVersion = 46;
	objects = {

/* Begin PBXBuildFile section */
		EECD28C31F748FE6009CDD8D /* AppDelegate.swift in Sources */ = {isa = PBXBuildFile; fileRef = EECD28C21F748FE6009CDD8D /* AppDelegate.swift */; };
		EECD28C51F748FE6009CDD8D /* ViewController.swift in Sources */ = {isa = PBXBuildFile; fileRef = EECD28C41F748FE6009CDD8D /* ViewController.swift */; };
		EECD28C81F748FE6009CDD8D /* Main.storyboard in Resources */ = {isa = PBXBuildFile; fileRef = EECD28C61F748FE6009CDD8D /* Main.storyboard */; };
		EECD28CB1F748FE6009CDD8D /* EventPlanner.xcdatamodeld in Sources */ = {isa = PBXBuildFile; fileRef = EECD28C91F748FE6009CDD8D /* EventPlanner.xcdatamodeld */; };
		EECD28CD1F748FE6009CDD8D /* Assets.xcassets in Resources */ = {isa = PBXBuildFile; fileRef = EECD28CC1F748FE6009CDD8D /* Assets.xcassets */; };
		EECD28D01F748FE6009CDD8D /* LaunchScreen.storyboard in Resources */ = {isa = PBXBuildFile; fileRef = EECD28CE1F748FE6009CDD8D /* LaunchScreen.storyboard */; };
		EECD28DB1F748FE6009CDD8D /* EventPlannerTests.swift in Sources */ = {isa = PBXBuildFile; fileRef = EECD28DA1F748FE6009CDD8D /* EventPlannerTests.swift */; };
		EECD28E61F748FE6009CDD8D /* EventPlannerUITests.swift in Sources */ = {isa = PBXBuildFile; fileRef = EECD28E51F748FE6009CDD8D /* EventPlannerUITests.swift */; };
/* End PBXBuildFile section */

/* Begin PBXContainerItemProxy section */
		EECD28D71F748FE6009CDD8D /* PBXContainerItemProxy */ = {
			isa = PBXContainerItemProxy;
			containerPortal = EECD28B71F748FE6009CDD8D /* Project object */;
			proxyType = 1;
			remoteGlobalIDString = EECD28BE1F748FE6009CDD8D;
			remoteInfo = EventPlanner;
		};
		EECD28E21F748FE6009CDD8D /* PBXContainerItemProxy */ = {
			isa = PBXContainerItemProxy;
			containerPortal = EECD28B71F748FE6009CDD8D /* Project object */;
			proxyType = 1;
			remoteGlobalIDString = EECD28BE1F748FE6009CDD8D;
			remoteInfo = EventPlanner;
		};
/* End PBXContainerItemProxy section */

/* Begin PBXFileReference section */
		EECD28BF1F748FE6009CDD8D /* EventPlanner.app */ = {isa = PBXFileReference; explicitFileType = wrapper.application; includeInIndex = 0; path = EventPlanner.app; sourceTree = BUILT_PRODUCTS_DIR; };
		EECD28C21F748FE6009CDD8D /* AppDelegate.swift */ = {isa = PBXFileReference; lastKnownFileType = sourcecode.swift; path = AppDelegate.swift; sourceTree = "<group>"; };
		EECD28C41F748FE6009CDD8D /* ViewController.swift */ = {isa = PBXFileReference; lastKnownFileType = sourcecode.swift; path = ViewController.swift; sourceTree = "<group>"; };
		EECD28C71F748FE6009CDD8D /* Base */ = {isa = PBXFileReference; lastKnownFileType = file.storyboard; name = Base; path = Base.lproj/Main.storyboard; sourceTree = "<group>"; };
		EECD28CA1F748FE6009CDD8D /* EventPlanner.xcdatamodel */ = {isa = PBXFileReference; lastKnownFileType = wrapper.xcdatamodel; path = EventPlanner.xcdatamodel; sourceTree = "<group>"; };
		EECD28CC1F748FE6009CDD8D /* Assets.xcassets */ = {isa = PBXFileReference; lastKnownFileType = folder.assetcatalog; path = Assets.xcassets; sourceTree = "<group>"; };
		EECD28CF1F748FE6009CDD8D /* Base */ = {isa = PBXFileReference; lastKnownFileType = file.storyboard; name = Base; path = Base.lproj/LaunchScreen.storyboard; sourceTree = "<group>"; };
		EECD28D11F748FE6009CDD8D /* Info.plist */ = {isa = PBXFileReference; lastKnownFileType = text.plist.xml; path = Info.plist; sourceTree = "<group>"; };
		EECD28D61F748FE6009CDD8D /* EventPlannerTests.xctest */ = {isa = PBXFileReference; explicitFileType = wrapper.cfbundle; includeInIndex = 0; path = EventPlannerTests.xctest; sourceTree = BUILT_PRODUCTS_DIR; };
		EECD28DA1F748FE6009CDD8D /* EventPlannerTests.swift */ = {isa = PBXFileReference; lastKnownFileType = sourcecode.swift; path = EventPlannerTests.swift; sourceTree = "<group>"; };
		EECD28DC1F748FE6009CDD8D /* Info.plist */ = {isa = PBXFileReference; lastKnownFileType = text.plist.xml; path = Info.plist; sourceTree = "<group>"; };
		EECD28E11F748FE6009CDD8D /* EventPlannerUITests.xctest */ = {isa = PBXFileReference; explicitFileType = wrapper.cfbundle; includeInIndex = 0; path = EventPlannerUITests.xctest; sourceTree = BUILT_PRODUCTS_DIR; };
		EECD28E51F748FE6009CDD8D /* EventPlannerUITests.swift */ = {isa = PBXFileReference; lastKnownFileType = sourcecode.swift; path = EventPlannerUITests.swift; sourceTree = "<group>"; };
		EECD28E71F748FE6009CDD8D /* Info.plist */ = {isa = PBXFileReference; lastKnownFileType = text.plist.xml; path = Info.plist; sourceTree = "<group>"; };
/* End PBXFileReference section */

/* Begin PBXFrameworksBuildPhase section */
		EECD28BC1F748FE6009CDD8D /* Frameworks */ = {
			isa = PBXFrameworksBuildPhase;
			buildActionMask = 2147483647;
			files = (
			);
			runOnlyForDeploymentPostprocessing = 0;
		};
		EECD28D31F748FE6009CDD8D /* Frameworks */ = {
			isa = PBXFrameworksBuildPhase;
			buildActionMask = 2147483647;
			files = (
			);
			runOnlyForDeploymentPostprocessing = 0;
		};
		EECD28DE1F748FE6009CDD8D /* Frameworks */ = {
			isa = PBXFrameworksBuildPhase;
			buildActionMask = 2147483647;
			files = (
			);
			runOnlyForDeploymentPostprocessing = 0;
		};
/* End PBXFrameworksBuildPhase section */

/* Begin PBXGroup section */
		EECD28B61F748FE6009CDD8D = {
			isa = PBXGroup;
			children = (
				EECD28C11F748FE6009CDD8D /* EventPlanner */,
				EECD28D91F748FE6009CDD8D /* EventPlannerTests */,
				EECD28E41F748FE6009CDD8D /* EventPlannerUITests */,
				EECD28C01F748FE6009CDD8D /* Products */,
			);
			sourceTree = "<group>";
		};
		EECD28C01F748FE6009CDD8D /* Products */ = {
			isa = PBXGroup;
			children = (
				EECD28BF1F748FE6009CDD8D /* EventPlanner.app */,
				EECD28D61F748FE6009CDD8D /* EventPlannerTests.xctest */,
				EECD28E11F748FE6009CDD8D /* EventPlannerUITests.xctest */,
			);
			name = Products;
			sourceTree = "<group>";
		};
		EECD28C11F748FE6009CDD8D /* EventPlanner */ = {
			isa = PBXGroup;
			children = (
				EECD28C21F748FE6009CDD8D /* AppDelegate.swift */,
				EECD28C41F748FE6009CDD8D /* ViewController.swift */,
				EECD28C61F748FE6009CDD8D /* Main.storyboard */,
				EECD28CC1F748FE6009CDD8D /* Assets.xcassets */,
				EECD28CE1F748FE6009CDD8D /* LaunchScreen.storyboard */,
				EECD28D11F748FE6009CDD8D /* Info.plist */,
				EECD28C91F748FE6009CDD8D /* EventPlanner.xcdatamodeld */,
			);
			path = EventPlanner;
			sourceTree = "<group>";
		};
		EECD28D91F748FE6009CDD8D /* EventPlannerTests */ = {
			isa = PBXGroup;
			children = (
				EECD28DA1F748FE6009CDD8D /* EventPlannerTests.swift */,
				EECD28DC1F748FE6009CDD8D /* Info.plist */,
			);
			path = EventPlannerTests;
			sourceTree = "<group>";
		};
		EECD28E41F748FE6009CDD8D /* EventPlannerUITests */ = {
			isa = PBXGroup;
			children = (
				EECD28E51F748FE6009CDD8D /* EventPlannerUITests.swift */,
				EECD28E71F748FE6009CDD8D /* Info.plist */,
			);
			path = EventPlannerUITests;
			sourceTree = "<group>";
		};
/* End PBXGroup section */

/* Begin PBXNativeTarget section */
		EECD28BE1F748FE6009CDD8D /* EventPlanner */ = {
			isa = PBXNativeTarget;
			buildConfigurationList = EECD28EA1F748FE6009CDD8D /* Build configuration list for PBXNativeTarget "EventPlanner" */;
			buildPhases = (
				EECD28BB1F748FE6009CDD8D /* Sources */,
				EECD28BC1F748FE6009CDD8D /* Frameworks */,
				EECD28BD1F748FE6009CDD8D /* Resources */,
			);
			buildRules = (
			);
			dependencies = (
			);
			name = EventPlanner;
			productName = EventPlanner;
			productReference = EECD28BF1F748FE6009CDD8D /* EventPlanner.app */;
			productType = "com.apple.product-type.application";
		};
		EECD28D51F748FE6009CDD8D /* EventPlannerTests */ = {
			isa = PBXNativeTarget;
			buildConfigurationList = EECD28ED1F748FE6009CDD8D /* Build configuration list for PBXNativeTarget "EventPlannerTests" */;
			buildPhases = (
				EECD28D21F748FE6009CDD8D /* Sources */,
				EECD28D31F748FE6009CDD8D /* Frameworks */,
				EECD28D41F748FE6009CDD8D /* Resources */,
			);
			buildRules = (
			);
			dependencies = (
				EECD28D81F748FE6009CDD8D /* PBXTargetDependency */,
			);
			name = EventPlannerTests;
			productName = EventPlannerTests;
			productReference = EECD28D61F748FE6009CDD8D /* EventPlannerTests.xctest */;
			productType = "com.apple.product-type.bundle.unit-test";
		};
		EECD28E01F748FE6009CDD8D /* EventPlannerUITests */ = {
			isa = PBXNativeTarget;
			buildConfigurationList = EECD28F01F748FE6009CDD8D /* Build configuration list for PBXNativeTarget "EventPlannerUITests" */;
			buildPhases = (
				EECD28DD1F748FE6009CDD8D /* Sources */,
				EECD28DE1F748FE6009CDD8D /* Frameworks */,
				EECD28DF1F748FE6009CDD8D /* Resources */,
			);
			buildRules = (
			);
			dependencies = (
				EECD28E31F748FE6009CDD8D /* PBXTargetDependency */,
			);
			name = EventPlannerUITests;
			productName = EventPlannerUITests;
			productReference = EECD28E11F748FE6009CDD8D /* EventPlannerUITests.xctest */;
			productType = "com.apple.product-type.bundle.ui-testing";
		};
/* End PBXNativeTarget section */

/* Begin PBXProject section */
		EECD28B71F748FE6009CDD8D /* Project object */ = {
			isa = PBXProject;
			attributes = {
				LastSwiftUpdateCheck = 0830;
				LastUpgradeCheck = 0830;
				ORGANIZATIONNAME = RMIT;
				TargetAttributes = {
					EECD28BE1F748FE6009CDD8D = {
						CreatedOnToolsVersion = 8.3.2;
						ProvisioningStyle = Automatic;
					};
					EECD28D51F748FE6009CDD8D = {
						CreatedOnToolsVersion = 8.3.2;
						ProvisioningStyle = Automatic;
						TestTargetID = EECD28BE1F748FE6009CDD8D;
					};
					EECD28E01F748FE6009CDD8D = {
						CreatedOnToolsVersion = 8.3.2;
						ProvisioningStyle = Automatic;
						TestTargetID = EECD28BE1F748FE6009CDD8D;
					};
				};
			};
			buildConfigurationList = EECD28BA1F748FE6009CDD8D /* Build configuration list for PBXProject "EventPlanner" */;
			compatibilityVersion = "Xcode 3.2";
			developmentRegion = English;
			hasScannedForEncodings = 0;
			knownRegions = (
				en,
				Base,
			);
			mainGroup = EECD28B61F748FE6009CDD8D;
			productRefGroup = EECD28C01F748FE6009CDD8D /* Products */;
			projectDirPath = "";
			projectRoot = "";
			targets = (
				EECD28BE1F748FE6009CDD8D /* EventPlanner */,
				EECD28D51F748FE6009CDD8D /* EventPlannerTests */,
				EECD28E01F748FE6009CDD8D /* EventPlannerUITests */,
			);
		};
/* End PBXProject section */

/* Begin PBXResourcesBuildPhase section */
		EECD28BD1F748FE6009CDD8D /* Resources */ = {
			isa = PBXResourcesBuildPhase;
			buildActionMask = 2147483647;
			files = (
				EECD28D01F748FE6009CDD8D /* LaunchScreen.storyboard in Resources */,
				EECD28CD1F748FE6009CDD8D /* Assets.xcassets in Resources */,
				EECD28C81F748FE6009CDD8D /* Main.storyboard in Resources */,
			);
			runOnlyForDeploymentPostprocessing = 0;
		};
		EECD28D41F748FE6009CDD8D /* Resources */ = {
			isa = PBXResourcesBuildPhase;
			buildActionMask = 2147483647;
			files = (
			);
			runOnlyForDeploymentPostprocessing = 0;
		};
		EECD28DF1F748FE6009CDD8D /* Resources */ = {
			isa = PBXResourcesBuildPhase;
			buildActionMask = 2147483647;
			files = (
			);
			runOnlyForDeploymentPostprocessing = 0;
		};
/* End PBXResourcesBuildPhase section */

/* Begin PBXSourcesBuildPhase section */
		EECD28BB1F748FE6009CDD8D /* Sources */ = {
			isa = PBXSourcesBuildPhase;
			buildActionMask = 2147483647;
			files = (
				EECD28C51F748FE6009CDD8D /* ViewController.swift in Sources */,
				EECD28C31F748FE6009CDD8D /* AppDelegate.swift in Sources */,
				EECD28CB1F748FE6009CDD8D /* EventPlanner.xcdatamodeld in Sources */,
			);
			runOnlyForDeploymentPostprocessing = 0;
		};
		EECD28D21F748FE6009CDD8D /* Sources */ = {
			isa = PBXSourcesBuildPhase;
			buildActionMask = 2147483647;
			files = (
				EECD28DB1F748FE6009CDD8D /* EventPlannerTests.swift in Sources */,
			);
			runOnlyForDeploymentPostprocessing = 0;
		};
		EECD28DD1F748FE6009CDD8D /* Sources */ = {
			isa = PBXSourcesBuildPhase;
			buildActionMask = 2147483647;
			files = (
				EECD28E61F748FE6009CDD8D /* EventPlannerUITests.swift in Sources */,
			);
			runOnlyForDeploymentPostprocessing = 0;
		};
/* End PBXSourcesBuildPhase section */

/* Begin PBXTargetDependency section */
		EECD28D81F748FE6009CDD8D /* PBXTargetDependency */ = {
			isa = PBXTargetDependency;
			target = EECD28BE1F748FE6009CDD8D /* EventPlanner */;
			targetProxy = EECD28D71F748FE6009CDD8D /* PBXContainerItemProxy */;
		};
		EECD28E31F748FE6009CDD8D /* PBXTargetDependency */ = {
			isa = PBXTargetDependency;
			target = EECD28BE1F748FE6009CDD8D /* EventPlanner */;
			targetProxy = EECD28E21F748FE6009CDD8D /* PBXContainerItemProxy */;
		};
/* End PBXTargetDependency section */

/* Begin PBXVariantGroup section */
		EECD28C61F748FE6009CDD8D /* Main.storyboard */ = {
			isa = PBXVariantGroup;
			children = (
				EECD28C71F748FE6009CDD8D /* Base */,
			);
			name = Main.storyboard;
			sourceTree = "<group>";
		};
		EECD28CE1F748FE6009CDD8D /* LaunchScreen.storyboard */ = {
			isa = PBXVariantGroup;
			children = (
				EECD28CF1F748FE6009CDD8D /* Base */,
			);
			name = LaunchScreen.storyboard;
			sourceTree = "<group>";
		};
/* End PBXVariantGroup section */

/* Begin XCBuildConfiguration section */
		EECD28E81F748FE6009CDD8D /* Debug */ = {
			isa = XCBuildConfiguration;
			buildSettings = {
				ALWAYS_SEARCH_USER_PATHS = NO;
				CLANG_ANALYZER_NONNULL = YES;
				CLANG_ANALYZER_NUMBER_OBJECT_CONVERSION = YES_AGGRESSIVE;
				CLANG_CXX_LANGUAGE_STANDARD = "gnu++0x";
				CLANG_CXX_LIBRARY = "libc++";
				CLANG_ENABLE_MODULES = YES;
				CLANG_ENABLE_OBJC_ARC = YES;
				CLANG_WARN_BOOL_CONVERSION = YES;
				CLANG_WARN_CONSTANT_CONVERSION = YES;
				CLANG_WARN_DIRECT_OBJC_ISA_USAGE = YES_ERROR;
				CLANG_WARN_DOCUMENTATION_COMMENTS = YES;
				CLANG_WARN_EMPTY_BODY = YES;
				CLANG_WARN_ENUM_CONVERSION = YES;
				CLANG_WARN_INFINITE_RECURSION = YES;
				CLANG_WARN_INT_CONVERSION = YES;
				CLANG_WARN_OBJC_ROOT_CLASS = YES_ERROR;
				CLANG_WARN_SUSPICIOUS_MOVE = YES;
				CLANG_WARN_UNREACHABLE_CODE = YES;
				CLANG_WARN__DUPLICATE_METHOD_MATCH = YES;
				"CODE_SIGN_IDENTITY[sdk=iphoneos*]" = "iPhone Developer";
				COPY_PHASE_STRIP = NO;
				DEBUG_INFORMATION_FORMAT = dwarf;
				ENABLE_STRICT_OBJC_MSGSEND = YES;
				ENABLE_TESTABILITY = YES;
				GCC_C_LANGUAGE_STANDARD = gnu99;
				GCC_DYNAMIC_NO_PIC = NO;
				GCC_NO_COMMON_BLOCKS = YES;
				GCC_OPTIMIZATION_LEVEL = 0;
				GCC_PREPROCESSOR_DEFINITIONS = (
					"DEBUG=1",
					"$(inherited)",
				);
				GCC_WARN_64_TO_32_BIT_CONVERSION = YES;
				GCC_WARN_ABOUT_RETURN_TYPE = YES_ERROR;
				GCC_WARN_UNDECLARED_SELECTOR = YES;
				GCC_WARN_UNINITIALIZED_AUTOS = YES_AGGRESSIVE;
				GCC_WARN_UNUSED_FUNCTION = YES;
				GCC_WARN_UNUSED_VARIABLE = YES;
				IPHONEOS_DEPLOYMENT_TARGET = 10.3;
				MTL_ENABLE_DEBUG_INFO = YES;
				ONLY_ACTIVE_ARCH = YES;
				SDKROOT = iphoneos;
				SWIFT_ACTIVE_COMPILATION_CONDITIONS = DEBUG;
				SWIFT_OPTIMIZATION_LEVEL = "-Onone";
				TARGETED_DEVICE_FAMILY = "1,2";
			};
			name = Debug;
		};
		EECD28E91F748FE6009CDD8D /* Release */ = {
			isa = XCBuildConfiguration;
			buildSettings = {
				ALWAYS_SEARCH_USER_PATHS = NO;
				CLANG_ANALYZER_NONNULL = YES;
				CLANG_ANALYZER_NUMBER_OBJECT_CONVERSION = YES_AGGRESSIVE;
				CLANG_CXX_LANGUAGE_STANDARD = "gnu++0x";
				CLANG_CXX_LIBRARY = "libc++";
				CLANG_ENABLE_MODULES = YES;
				CLANG_ENABLE_OBJC_ARC = YES;
				CLANG_WARN_BOOL_CONVERSION = YES;
				CLANG_WARN_CONSTANT_CONVERSION = YES;
				CLANG_WARN_DIRECT_OBJC_ISA_USAGE = YES_ERROR;
				CLANG_WARN_DOCUMENTATION_COMMENTS = YES;
				CLANG_WARN_EMPTY_BODY = YES;
				CLANG_WARN_ENUM_CONVERSION = YES;
				CLANG_WARN_INFINITE_RECURSION = YES;
				CLANG_WARN_INT_CONVERSION = YES;
				CLANG_WARN_OBJC_ROOT_CLASS = YES_ERROR;
				CLANG_WARN_SUSPICIOUS_MOVE = YES;
				CLANG_WARN_UNREACHABLE_CODE = YES;
				CLANG_WARN__DUPLICATE_METHOD_MATCH = YES;
				"CODE_SIGN_IDENTITY[sdk=iphoneos*]" = "iPhone Developer";
				COPY_PHASE_STRIP = NO;
				DEBUG_INFORMATION_FORMAT = "dwarf-with-dsym";
				ENABLE_NS_ASSERTIONS = NO;
				ENABLE_STRICT_OBJC_MSGSEND = YES;
				GCC_C_LANGUAGE_STANDARD = gnu99;
				GCC_NO_COMMON_BLOCKS = YES;
				GCC_WARN_64_TO_32_BIT_CONVERSION = YES;
				GCC_WARN_ABOUT_RETURN_TYPE = YES_ERROR;
				GCC_WARN_UNDECLARED_SELECTOR = YES;
				GCC_WARN_UNINITIALIZED_AUTOS = YES_AGGRESSIVE;
				GCC_WARN_UNUSED_FUNCTION = YES;
				GCC_WARN_UNUSED_VARIABLE = YES;
				IPHONEOS_DEPLOYMENT_TARGET = 10.3;
				MTL_ENABLE_DEBUG_INFO = NO;
				SDKROOT = iphoneos;
				SWIFT_OPTIMIZATION_LEVEL = "-Owholemodule";
				TARGETED_DEVICE_FAMILY = "1,2";
				VALIDATE_PRODUCT = YES;
			};
			name = Release;
		};
		EECD28EB1F748FE6009CDD8D /* Debug */ = {
			isa = XCBuildConfiguration;
			buildSettings = {
				ASSETCATALOG_COMPILER_APPICON_NAME = AppIcon;
				INFOPLIST_FILE = EventPlanner/Info.plist;
				LD_RUNPATH_SEARCH_PATHS = "$(inherited) @executable_path/Frameworks";
				PRODUCT_BUNDLE_IDENTIFIER = "au.edu.rmit.student-s3590683.EventPlanner";
				PRODUCT_NAME = "$(TARGET_NAME)";
				SWIFT_VERSION = 3.0;
			};
			name = Debug;
		};
		EECD28EC1F748FE6009CDD8D /* Release */ = {
			isa = XCBuildConfiguration;
			buildSettings = {
				ASSETCATALOG_COMPILER_APPICON_NAME = AppIcon;
				INFOPLIST_FILE = EventPlanner/Info.plist;
				LD_RUNPATH_SEARCH_PATHS = "$(inherited) @executable_path/Frameworks";
				PRODUCT_BUNDLE_IDENTIFIER = "au.edu.rmit.student-s3590683.EventPlanner";
				PRODUCT_NAME = "$(TARGET_NAME)";
				SWIFT_VERSION = 3.0;
			};
			name = Release;
		};
		EECD28EE1F748FE6009CDD8D /* Debug */ = {
			isa = XCBuildConfiguration;
			buildSettings = {
				ALWAYS_EMBED_SWIFT_STANDARD_LIBRARIES = YES;
				BUNDLE_LOADER = "$(TEST_HOST)";
				INFOPLIST_FILE = EventPlannerTests/Info.plist;
				LD_RUNPATH_SEARCH_PATHS = "$(inherited) @executable_path/Frameworks @loader_path/Frameworks";
				PRODUCT_BUNDLE_IDENTIFIER = "au.edu.rmit.student-s3590683.EventPlannerTests";
				PRODUCT_NAME = "$(TARGET_NAME)";
				SWIFT_VERSION = 3.0;
				TEST_HOST = "$(BUILT_PRODUCTS_DIR)/EventPlanner.app/EventPlanner";
			};
			name = Debug;
		};
		EECD28EF1F748FE6009CDD8D /* Release */ = {
			isa = XCBuildConfiguration;
			buildSettings = {
				ALWAYS_EMBED_SWIFT_STANDARD_LIBRARIES = YES;
				BUNDLE_LOADER = "$(TEST_HOST)";
				INFOPLIST_FILE = EventPlannerTests/Info.plist;
				LD_RUNPATH_SEARCH_PATHS = "$(inherited) @executable_path/Frameworks @loader_path/Frameworks";
				PRODUCT_BUNDLE_IDENTIFIER = "au.edu.rmit.student-s3590683.EventPlannerTests";
				PRODUCT_NAME = "$(TARGET_NAME)";
				SWIFT_VERSION = 3.0;
				TEST_HOST = "$(BUILT_PRODUCTS_DIR)/EventPlanner.app/EventPlanner";
			};
			name = Release;
		};
		EECD28F11F748FE6009CDD8D /* Debug */ = {
			isa = XCBuildConfiguration;
			buildSettings = {
				ALWAYS_EMBED_SWIFT_STANDARD_LIBRARIES = YES;
				INFOPLIST_FILE = EventPlannerUITests/Info.plist;
				LD_RUNPATH_SEARCH_PATHS = "$(inherited) @executable_path/Frameworks @loader_path/Frameworks";
				PRODUCT_BUNDLE_IDENTIFIER = "au.edu.rmit.student-s3590683.EventPlannerUITests";
				PRODUCT_NAME = "$(TARGET_NAME)";
				SWIFT_VERSION = 3.0;
				TEST_TARGET_NAME = EventPlanner;
			};
			name = Debug;
		};
		EECD28F21F748FE6009CDD8D /* Release */ = {
			isa = XCBuildConfiguration;
			buildSettings = {
				ALWAYS_EMBED_SWIFT_STANDARD_LIBRARIES = YES;
				INFOPLIST_FILE = EventPlannerUITests/Info.plist;
				LD_RUNPATH_SEARCH_PATHS = "$(inherited) @executable_path/Frameworks @loader_path/Frameworks";
				PRODUCT_BUNDLE_IDENTIFIER = "au.edu.rmit.student-s3590683.EventPlannerUITests";
				PRODUCT_NAME = "$(TARGET_NAME)";
				SWIFT_VERSION = 3.0;
				TEST_TARGET_NAME = EventPlanner;
			};
			name = Release;
		};
/* End XCBuildConfiguration section */

/* Begin XCConfigurationList section */
		EECD28BA1F748FE6009CDD8D /* Build configuration list for PBXProject "EventPlanner" */ = {
			isa = XCConfigurationList;
			buildConfigurations = (
				EECD28E81F748FE6009CDD8D /* Debug */,
				EECD28E91F748FE6009CDD8D /* Release */,
			);
			defaultConfigurationIsVisible = 0;
			defaultConfigurationName = Release;
		};
		EECD28EA1F748FE6009CDD8D /* Build configuration list for PBXNativeTarget "EventPlanner" */ = {
			isa = XCConfigurationList;
			buildConfigurations = (
				EECD28EB1F748FE6009CDD8D /* Debug */,
				EECD28EC1F748FE6009CDD8D /* Release */,
			);
			defaultConfigurationIsVisible = 0;
		};
		EECD28ED1F748FE6009CDD8D /* Build configuration list for PBXNativeTarget "EventPlannerTests" */ = {
			isa = XCConfigurationList;
			buildConfigurations = (
				EECD28EE1F748FE6009CDD8D /* Debug */,
				EECD28EF1F748FE6009CDD8D /* Release */,
			);
			defaultConfigurationIsVisible = 0;
		};
		EECD28F01F748FE6009CDD8D /* Build configuration list for PBXNativeTarget "EventPlannerUITests" */ = {
			isa = XCConfigurationList;
			buildConfigurations = (
				EECD28F11F748FE6009CDD8D /* Debug */,
				EECD28F21F748FE6009CDD8D /* Release */,
			);
			defaultConfigurationIsVisible = 0;
		};
/* End XCConfigurationList section */

/* Begin XCVersionGroup section */
		EECD28C91F748FE6009CDD8D /* EventPlanner.xcdatamodeld */ = {
			isa = XCVersionGroup;
			children = (
				EECD28CA1F748FE6009CDD8D /* EventPlanner.xcdatamodel */,
			);
			currentVersion = EECD28CA1F748FE6009CDD8D /* EventPlanner.xcdatamodel */;
			path = EventPlanner.xcdatamodeld;
			sourceTree = "<group>";
			versionGroupType = wrapper.xcdatamodel;
		};
/* End XCVersionGroup section */
	};
	rootObject = EECD28B71F748FE6009CDD8D /* Project object */;
}
